
Microsoft Visual Studio Solution File, Format Version 12.00
# Visual Studio 15
VisualStudioVersion = 15.0.28010.2046
MinimumVisualStudioVersion = 10.0.40219.1
Project("{FAE04EC0-301F-11D3-BF4B-00C04F79EFBC}") = "DiskAvailableSpaceCheck", "DiskAvailableSpaceCheck\DiskAvailableSpaceCheck.csproj", "{A806523F-E7C8-4C6C-8186-8E8992806630}"
EndProject
Global
	GlobalSection(SolutionConfigurationPlatforms) = preSolution
		Debug|Any CPU = Debug|Any CPU
		Release|Any CPU = Release|Any CPU
	EndGlobalSection
	GlobalSection(ProjectConfigurationPlatforms) = postSolution
		{A806523F-E7C8-4C6C-8186-8E8992806630}.Debug|Any CPU.ActiveCfg = Debug|Any CPU
		{A806523F-E7C8-4C6C-8186-8E8992806630}.Debug|Any CPU.Build.0 = Debug|Any CPU
		{A806523F-E7C8-4C6C-8186-8E8992806630}.Release|Any CPU.ActiveCfg = Release|Any CPU
		{A806523F-E7C8-4C6C-8186-8E8992806630}.Release|Any CPU.Build.0 = Release|Any CPU
	EndGlobalSection
	GlobalSection(SolutionProperties) = preSolution
		HideSolutionNode = FALSE
	EndGlobalSection
	GlobalSection(ExtensibilityGlobals) = postSolution
		SolutionGuid = {6A051093-861A-4DF1-A5EC-76AAE72907F9}
	EndGlobalSection
EndGlobal
